
Microsoft Visual Studio Solution File, Format Version 12.00
# Visual Studio Version 16
VisualStudioVersion = 16.0.31624.102
MinimumVisualStudioVersion = 10.0.40219.1
Project("{9A19103F-16F7-4668-BE54-9A1E7A4F7556}") = "Tester", "Tester\Tester.csproj", "{CFC9E2D5-D8FD-476E-8161-C0309838455E}"
EndProject
Project("{9A19103F-16F7-4668-BE54-9A1E7A4F7556}") = "SameLetter", "Test1\SameLetter.csproj", "{BA79A9EE-4383-4487-92F1-58A96E574BE1}"
EndProject
Global
	GlobalSection(SolutionConfigurationPlatforms) = preSolution
		Debug|Any CPU = Debug|Any CPU
		Release|Any CPU = Release|Any CPU
	EndGlobalSection
	GlobalSection(ProjectConfigurationPlatforms) = postSolution
		{CFC9E2D5-D8FD-476E-8161-C0309838455E}.Debug|Any CPU.ActiveCfg = Debug|Any CPU
		{CFC9E2D5-D8FD-476E-8161-C0309838455E}.Debug|Any CPU.Build.0 = Debug|Any CPU
		{CFC9E2D5-D8FD-476E-8161-C0309838455E}.Release|Any CPU.ActiveCfg = Release|Any CPU
		{CFC9E2D5-D8FD-476E-8161-C0309838455E}.Release|Any CPU.Build.0 = Release|Any CPU
		{BA79A9EE-4383-4487-92F1-58A96E574BE1}.Debug|Any CPU.ActiveCfg = Debug|Any CPU
		{BA79A9EE-4383-4487-92F1-58A96E574BE1}.Debug|Any CPU.Build.0 = Debug|Any CPU
		{BA79A9EE-4383-4487-92F1-58A96E574BE1}.Release|Any CPU.ActiveCfg = Release|Any CPU
		{BA79A9EE-4383-4487-92F1-58A96E574BE1}.Release|Any CPU.Build.0 = Release|Any CPU
	EndGlobalSection
	GlobalSection(SolutionProperties) = preSolution
		HideSolutionNode = FALSE
	EndGlobalSection
	GlobalSection(ExtensibilityGlobals) = postSolution
		SolutionGuid = {4DFD3DE6-39BF-4769-9281-EB4FC1FCBFE1}
	EndGlobalSection
EndGlobal
